<?xml version="1.0" encoding="UTF-8"?>
<CONFIG>
  <ProjectOptions>
    <Version Value="10"/>
    <PathDelim Value="\"/>
    <General>
      <MainUnit Value="0"/>
      <Title Value="Sun-Simulator"/>
      <UseXPManifest Value="True"/>
      <Icon Value="0"/>
    </General>
    <i18n>
      <EnableI18N Value="True"/>
    </i18n>
    <VersionInfo>
      <StringTable ProductVersion=""/>
    </VersionInfo>
    <BuildModes Count="1">
      <Item1 Name="default" Default="True"/>
    </BuildModes>
    <PublishOptions>
      <Version Value="2"/>
      <IgnoreBinaries Value="False"/>
      <IncludeFileFilter Value="*.(pas|pp|inc|lfm|lpr|lrs|lpi|lpk|sh|xml)"/>
      <ExcludeFileFilter Value="*.(bak|ppu|ppw|o|so);*~;backup"/>
    </PublishOptions>
    <RunParams>
      <local>
        <FormatVersion Value="1"/>
        <LaunchingApplication PathPlusParams="\usr\X11R6\bin\xterm -T 'Lazarus Run Output' -e $(LazarusDir)\tools\runwait.sh $(TargetCmdLine)"/>
      </local>
    </RunParams>
    <RequiredPackages Count="1">
      <Item1>
        <PackageName Value="LCL"/>
      </Item1>
    </RequiredPackages>
    <Units Count="41">
      <Unit0>
        <Filename Value="sunSimulator.lpr"/>
        <IsPartOfProject Value="True"/>
        <EditorIndex Value="9"/>
        <CursorPos X="17" Y="12"/>
        <UsageCount Value="81"/>
        <Loaded Value="True"/>
        <LoadedDesigner Value="True"/>
      </Unit0>
      <Unit1>
        <Filename Value="maingui.pas"/>
        <IsPartOfProject Value="True"/>
        <ComponentName Value="Form1"/>
        <HasResources Value="True"/>
        <ResourceBaseClass Value="Form"/>
        <IsVisibleTab Value="True"/>
        <TopLine Value="22"/>
        <CursorPos X="99" Y="9"/>
        <UsageCount Value="81"/>
        <Bookmarks Count="1">
          <Item0 X="19" Y="568" ID="1"/>
        </Bookmarks>
        <Loaded Value="True"/>
        <LoadedDesigner Value="True"/>
      </Unit1>
      <Unit2>
        <Filename Value="..\..\..\components\pascal\data\diagram.pas"/>
        <EditorIndex Value="6"/>
        <TopLine Value="1726"/>
        <CursorPos X="29" Y="1729"/>
        <UsageCount Value="38"/>
        <Bookmarks Count="3">
          <Item0 X="33" Y="699" ID="3"/>
          <Item1 X="54" Y="515" ID="4"/>
          <Item2 X="6" Y="2658" ID="7"/>
        </Bookmarks>
        <Loaded Value="True"/>
      </Unit2>
      <Unit3>
        <Filename Value="..\..\..\components\pascal\data\TreeListView.pas"/>
        <EditorIndex Value="7"/>
        <UsageCount Value="38"/>
        <Loaded Value="True"/>
      </Unit3>
      <Unit4>
        <Filename Value="P:\programming\lazarus\lcl\controls.pp"/>
        <UnitName Value="Controls"/>
        <EditorIndex Value="-1"/>
        <TopLine Value="2253"/>
        <CursorPos X="11" Y="2266"/>
        <UsageCount Value="37"/>
        <LoadedDesigner Value="True"/>
      </Unit4>
      <Unit5>
        <Filename Value="P:\programming\lazarus\lcl\include\control.inc"/>
        <EditorIndex Value="-1"/>
        <TopLine Value="1752"/>
        <CursorPos Y="1765"/>
        <UsageCount Value="37"/>
        <LoadedDesigner Value="True"/>
      </Unit5>
      <Unit6>
        <Filename Value="colordiagrammodels.pas"/>
        <IsPartOfProject Value="True"/>
        <UnitName Value="colorDiagramModels"/>
        <EditorIndex Value="4"/>
        <TopLine Value="388"/>
        <CursorPos X="83" Y="405"/>
        <UsageCount Value="75"/>
        <Loaded Value="True"/>
      </Unit6>
      <Unit7>
        <Filename Value="P:\programming\lazarus\lcl\graphics.pp"/>
        <UnitName Value="Graphics"/>
        <EditorIndex Value="-1"/>
        <TopLine Value="144"/>
        <CursorPos X="3" Y="156"/>
        <UsageCount Value="34"/>
        <LoadedDesigner Value="True"/>
      </Unit7>
      <Unit8>
        <Filename Value="P:\programming\lazarus\lcl\include\wincontrol.inc"/>
        <EditorIndex Value="-1"/>
        <TopLine Value="5440"/>
        <CursorPos Y="5453"/>
        <UsageCount Value="34"/>
        <LoadedDesigner Value="True"/>
      </Unit8>
      <Unit9>
        <Filename Value="P:\programming\lazarus\lcl\extctrls.pp"/>
        <UnitName Value="ExtCtrls"/>
        <TopLine Value="406"/>
        <CursorPos X="3" Y="420"/>
        <UsageCount Value="18"/>
      </Unit9>
      <Unit10>
        <Filename Value="P:\programming\lazarus\lcl\lclproc.pas"/>
        <UnitName Value="LCLProc"/>
        <EditorIndex Value="-1"/>
        <TopLine Value="1406"/>
        <CursorPos Y="1420"/>
        <UsageCount Value="33"/>
        <LoadedDesigner Value="True"/>
      </Unit10>
      <Unit11>
        <Filename Value="monitorcontrol.pas"/>
        <IsPartOfProject Value="True"/>
        <UnitName Value="monitorControl"/>
        <EditorIndex Value="8"/>
        <TopLine Value="7"/>
        <CursorPos X="33" Y="19"/>
        <UsageCount Value="69"/>
        <Loaded Value="True"/>
      </Unit11>
      <Unit12>
        <Filename Value="P:\programming\lazarus\fpc\2.2.2\source\rtl\win\wininc\base.inc"/>
        <TopLine Value="743"/>
        <CursorPos X="8" Y="747"/>
        <UsageCount Value="10"/>
      </Unit12>
      <Unit13>
        <Filename Value="P:\programming\lazarus\fpc\2.2.2\source\rtl\objpas\sysutils\datih.inc"/>
        <EditorIndex Value="-1"/>
        <TopLine Value="104"/>
        <CursorPos X="10" Y="117"/>
        <UsageCount Value="31"/>
        <LoadedDesigner Value="True"/>
      </Unit13>
      <Unit14>
        <Filename Value="P:\programming\lazarus\fpc\2.2.2\source\rtl\objpas\sysutils\dati.inc"/>
        <EditorIndex Value="-1"/>
        <TopLine Value="126"/>
        <CursorPos X="3" Y="129"/>
        <UsageCount Value="31"/>
        <LoadedDesigner Value="True"/>
      </Unit14>
      <Unit15>
        <Filename Value="P:\programming\lazarus\fpc\2.2.2\source\rtl\objpas\classes\classesh.inc"/>
        <EditorIndex Value="-1"/>
        <TopLine Value="93"/>
        <CursorPos X="3" Y="106"/>
        <UsageCount Value="29"/>
        <LoadedDesigner Value="True"/>
      </Unit15>
      <Unit16>
        <Filename Value="P:\programming\lazarus\fpc\2.2.2\source\rtl\inc\objpash.inc"/>
        <EditorIndex Value="-1"/>
        <TopLine Value="140"/>
        <CursorPos X="8" Y="163"/>
        <UsageCount Value="29"/>
        <LoadedDesigner Value="True"/>
      </Unit16>
      <Unit17>
        <Filename Value="P:\programming\lazarus\fpc\2.2.2\source\rtl\inc\objpas.inc"/>
        <EditorIndex Value="-1"/>
        <TopLine Value="153"/>
        <CursorPos X="26" Y="166"/>
        <UsageCount Value="29"/>
        <LoadedDesigner Value="True"/>
      </Unit17>
      <Unit18>
        <Filename Value="P:\programming\lazarus\fpc\2.2.2\source\packages\fcl-image\src\fpimage.pp"/>
        <UnitName Value="FPimage"/>
        <TopLine Value="307"/>
        <CursorPos X="15" Y="320"/>
        <UsageCount Value="11"/>
      </Unit18>
      <Unit19>
        <Filename Value="P:\programming\lazarus\fpc\2.2.2\source\rtl\objpas\objpas.pp"/>
        <TopLine Value="9"/>
        <CursorPos X="19" Y="26"/>
        <UsageCount Value="11"/>
      </Unit19>
      <Unit20>
        <Filename Value="P:\programming\lazarus\fpc\2.2.2\source\packages\fcl-image\src\fpcolcnv.inc"/>
        <TopLine Value="18"/>
        <CursorPos X="9" Y="33"/>
        <UsageCount Value="11"/>
      </Unit20>
      <Unit21>
        <Filename Value="P:\programming\lazarus\fpc\2.2.2\source\packages\fcl-image\src\fpcolors.inc"/>
        <TopLine Value="16"/>
        <CursorPos Y="35"/>
        <UsageCount Value="11"/>
      </Unit21>
      <Unit22>
        <Filename Value="P:\programming\lazarus\fpc\2.2.2\source\rtl\inc\systemh.inc"/>
        <TopLine Value="297"/>
        <CursorPos X="3" Y="314"/>
        <UsageCount Value="11"/>
      </Unit22>
      <Unit23>
        <Filename Value="P:\programming\lazarus\lcl\intfgraphics.pas"/>
        <UnitName Value="IntfGraphics"/>
        <TopLine Value="3191"/>
        <CursorPos X="39" Y="3208"/>
        <UsageCount Value="10"/>
      </Unit23>
      <Unit24>
        <Filename Value="P:\programming\lazarus\lcl\include\lclintf.inc"/>
        <TopLine Value="153"/>
        <CursorPos Y="170"/>
        <UsageCount Value="10"/>
      </Unit24>
      <Unit25>
        <Filename Value="P:\programming\lazarus\lcl\include\lclintfh.inc"/>
        <TopLine Value="102"/>
        <CursorPos X="10" Y="119"/>
        <UsageCount Value="10"/>
      </Unit25>
      <Unit26>
        <Filename Value="P:\programming\lazarus\lcl\stdctrls.pp"/>
        <UnitName Value="StdCtrls"/>
        <EditorIndex Value="-1"/>
        <TopLine Value="401"/>
        <CursorPos X="14" Y="414"/>
        <UsageCount Value="25"/>
        <LoadedDesigner Value="True"/>
      </Unit26>
      <Unit27>
        <Filename Value="P:\programming\lazarus\lcl\lazconfigstorage.pas"/>
        <UnitName Value="LazConfigStorage"/>
        <EditorIndex Value="-1"/>
        <TopLine Value="6"/>
        <CursorPos X="15" Y="18"/>
        <UsageCount Value="22"/>
        <LoadedDesigner Value="True"/>
      </Unit27>
      <Unit28>
        <Filename Value="P:\programming\lazarus\lcl\inipropstorage.pas"/>
        <UnitName Value="IniPropStorage"/>
        <EditorIndex Value="-1"/>
        <TopLine Value="141"/>
        <CursorPos Y="141"/>
        <UsageCount Value="22"/>
        <LoadedDesigner Value="True"/>
      </Unit28>
      <Unit29>
        <Filename Value="P:\programming\lazarus\fpc\2.2.2\source\packages\fcl-xml\src\xmlcfg.pp"/>
        <UnitName Value="XMLCfg"/>
        <EditorIndex Value="-1"/>
        <TopLine Value="95"/>
        <CursorPos X="42" Y="108"/>
        <UsageCount Value="22"/>
        <LoadedDesigner Value="True"/>
      </Unit29>
      <Unit30>
        <Filename Value="P:\programming\lazarus\fpc\2.2.2\source\packages\fcl-xml\src\xmlconf.pp"/>
        <UnitName Value="XMLConf"/>
        <EditorIndex Value="-1"/>
        <TopLine Value="5"/>
        <CursorPos X="3" Y="18"/>
        <UsageCount Value="22"/>
        <LoadedDesigner Value="True"/>
      </Unit30>
      <Unit31>
        <Filename Value="P:\programming\lazarus\lcl\include\customcombobox.inc"/>
        <EditorIndex Value="-1"/>
        <TopLine Value="877"/>
        <CursorPos Y="891"/>
        <UsageCount Value="21"/>
        <LoadedDesigner Value="True"/>
      </Unit31>
      <Unit32>
        <Filename Value="P:\programming\lazarus\fpc\2.2.2\source\rtl\objpas\sysutils\sysstrh.inc"/>
        <EditorIndex Value="-1"/>
        <TopLine Value="197"/>
        <CursorPos X="10" Y="210"/>
        <UsageCount Value="20"/>
        <LoadedDesigner Value="True"/>
      </Unit32>
      <Unit33>
        <Filename Value="P:\programming\lazarus\fpc\2.2.2\source\rtl\objpas\sysutils\sysstr.inc"/>
        <EditorIndex Value="-1"/>
        <TopLine Value="2823"/>
        <CursorPos X="5" Y="2836"/>
        <UsageCount Value="20"/>
        <LoadedDesigner Value="True"/>
      </Unit33>
      <Unit34>
        <Filename Value="P:\programming\lazarus\fpc\2.2.2\source\packages\fcl-registry\src\registry.pp"/>
        <EditorIndex Value="-1"/>
        <TopLine Value="110"/>
        <CursorPos X="14" Y="124"/>
        <UsageCount Value="13"/>
        <LoadedDesigner Value="True"/>
      </Unit34>
      <Unit35>
        <Filename Value="P:\programming\lazarus\lcl\menus.pp"/>
        <UnitName Value="Menus"/>
        <EditorIndex Value="-1"/>
        <TopLine Value="219"/>
        <CursorPos X="29" Y="233"/>
        <UsageCount Value="12"/>
        <LoadedDesigner Value="True"/>
      </Unit35>
      <Unit36>
        <Filename Value="..\..\..\components\lazarus\dialogs\menumanager.pas"/>
        <IsPartOfProject Value="True"/>
        <UnitName Value="menuManager"/>
        <EditorIndex Value="3"/>
        <TopLine Value="8"/>
        <CursorPos X="13" Y="21"/>
        <UsageCount Value="25"/>
        <Loaded Value="True"/>
      </Unit36>
      <Unit37>
        <Filename Value="..\..\..\components\pascal\data\ptranslateutils.pas"/>
        <EditorIndex Value="2"/>
        <TopLine Value="29"/>
        <CursorPos X="44" Y="41"/>
        <UsageCount Value="11"/>
        <Bookmarks Count="2">
          <Item0 X="27" Y="55" ID="2"/>
          <Item1 X="3" Y="75" ID="9"/>
        </Bookmarks>
        <Loaded Value="True"/>
      </Unit37>
      <Unit38>
        <Filename Value="P:\programming\lazarus\lcl\translations.pas"/>
        <UnitName Value="Translations"/>
        <EditorIndex Value="-1"/>
        <TopLine Value="455"/>
        <CursorPos X="40" Y="467"/>
        <UsageCount Value="10"/>
        <LoadedDesigner Value="True"/>
      </Unit38>
      <Unit39>
        <Filename Value="..\..\..\..\opt\lazarus\lcl\stdctrls.pp"/>
        <UnitName Value="StdCtrls"/>
        <EditorIndex Value="1"/>
        <TopLine Value="1170"/>
        <CursorPos X="15" Y="1185"/>
        <UsageCount Value="10"/>
        <Loaded Value="True"/>
      </Unit39>
      <Unit40>
        <Filename Value="..\..\..\..\..\benito\opt\fpc-trunk\rtl\objpas\sysutils\sysinth.inc"/>
        <EditorIndex Value="5"/>
        <TopLine Value="127"/>
        <CursorPos X="3" Y="141"/>
        <UsageCount Value="10"/>
        <Loaded Value="True"/>
      </Unit40>
    </Units>
    <JumpHistory Count="30" HistoryIndex="28">
      <Position1>
        <Filename Value="colordiagrammodels.pas"/>
        <Caret Line="424" Column="13" TopLine="401"/>
      </Position1>
      <Position2>
        <Filename Value="colordiagrammodels.pas"/>
        <Caret Line="409" Column="32" TopLine="385"/>
      </Position2>
      <Position3>
        <Filename Value="colordiagrammodels.pas"/>
        <Caret Line="410" Column="37" TopLine="385"/>
      </Position3>
      <Position4>
        <Filename Value="colordiagrammodels.pas"/>
        <Caret Line="407" Column="30" TopLine="385"/>
      </Position4>
      <Position5>
        <Filename Value="colordiagrammodels.pas"/>
        <Caret Line="46" Column="15" TopLine="31"/>
      </Position5>
      <Position6>
        <Filename Value="colordiagrammodels.pas"/>
        <Caret Line="377" Column="83" TopLine="368"/>
      </Position6>
      <Position7>
        <Filename Value="colordiagrammodels.pas"/>
        <Caret Line="46" Column="14" TopLine="30"/>
      </Position7>
      <Position8>
        <Filename Value="colordiagrammodels.pas"/>
        <Caret Line="373" Column="3" TopLine="368"/>
      </Position8>
      <Position9>
        <Filename Value="colordiagrammodels.pas"/>
        <Caret Line="47" Column="18" TopLine="30"/>
      </Position9>
      <Position10>
        <Filename Value="colordiagrammodels.pas"/>
        <Caret Line="368" Column="43" TopLine="363"/>
      </Position10>
      <Position11>
        <Filename Value="colordiagrammodels.pas"/>
        <Caret Line="369" Column="37" TopLine="364"/>
      </Position11>
      <Position12>
        <Filename Value="colordiagrammodels.pas"/>
        <Caret Line="405" Column="83" TopLine="388"/>
      </Position12>
      <Position13>
        <Filename Value="sunSimulator.lpr"/>
        <Caret Line="12" Column="17"/>
      </Position13>
      <Position14>
        <Filename Value="maingui.pas"/>
        <Caret Line="9" Column="87"/>
      </Position14>
      <Position15>
        <Filename Value="maingui.pas"/>
        <Caret Line="97" Column="27" TopLine="81"/>
      </Position15>
      <Position16>
        <Filename Value="maingui.pas"/>
        <Caret Line="142" Column="25" TopLine="116"/>
      </Position16>
      <Position17>
        <Filename Value="maingui.pas"/>
        <Caret Line="97" Column="27" TopLine="82"/>
      </Position17>
      <Position18>
        <Filename Value="maingui.pas"/>
        <Caret Line="142" Column="21" TopLine="129"/>
      </Position18>
      <Position19>
        <Filename Value="maingui.pas"/>
        <Caret Line="97" Column="10" TopLine="82"/>
      </Position19>
      <Position20>
        <Filename Value="maingui.pas"/>
        <Caret Line="74" Column="26" TopLine="59"/>
      </Position20>
      <Position21>
        <Filename Value="maingui.pas"/>
        <Caret Line="97" Column="16" TopLine="72"/>
      </Position21>
      <Position22>
        <Filename Value="maingui.pas"/>
        <Caret Line="142" Column="39" TopLine="116"/>
      </Position22>
      <Position23>
        <Filename Value="maingui.pas"/>
        <Caret Line="143" Column="23" TopLine="124"/>
      </Position23>
      <Position24>
        <Filename Value="maingui.pas"/>
        <Caret Line="75" Column="15" TopLine="60"/>
      </Position24>
      <Position25>
        <Filename Value="maingui.pas"/>
        <Caret Line="281" Column="3" TopLine="279"/>
      </Position25>
      <Position26>
        <Filename Value="maingui.pas"/>
        <Caret Line="544" Column="3" TopLine="542"/>
      </Position26>
      <Position27>
        <Filename Value="maingui.pas"/>
        <Caret Line="176" Column="3" TopLine="174"/>
      </Position27>
      <Position28>
        <Filename Value="maingui.pas"/>
        <Caret Line="191" Column="115" TopLine="180"/>
      </Position28>
      <Position29>
        <Filename Value="maingui.pas"/>
        <Caret Line="144" Column="7" TopLine="130"/>
      </Position29>
      <Position30>
        <Filename Value="maingui.pas"/>
        <Caret Line="369" Column="19" TopLine="353"/>
      </Position30>
    </JumpHistory>
  </ProjectOptions>
  <CompilerOptions>
    <Version Value="11"/>
    <PathDelim Value="\"/>
    <SearchPaths>
      <IncludeFiles Value="$(ProjOutDir)"/>
      <OtherUnitFiles Value="..\..\..\components\lazarus\dialogs"/>
    </SearchPaths>
    <Parsing>
      <SyntaxOptions>
        <CStyleOperator Value="False"/>
        <UseAnsiStrings Value="False"/>
      </SyntaxOptions>
    </Parsing>
    <CodeGeneration>
      <TargetCPU Value="i386"/>
      <TargetOS Value="win32"/>
    </CodeGeneration>
    <Linking>
      <Options>
        <Win32>
          <GraphicApplication Value="True"/>
        </Win32>
      </Options>
    </Linking>
  </CompilerOptions>
  <Debugging>
    <Exceptions Count="3">
      <Item1>
        <Name Value="EAbort"/>
      </Item1>
      <Item2>
        <Name Value="ECodetoolError"/>
      </Item2>
      <Item3>
        <Name Value="EFOpenError"/>
      </Item3>
    </Exceptions>
  </Debugging>
</CONFIG>
